// !$*UTF8*$!
{
	archiveVersion = 1;
	classes = {
	};
	objectVersion = 50;
	objects = {

/* Begin PBXBuildFile section */
		8C045CD820AD2CAC00EA7B50 /* AppDelegate.swift in Sources */ = {isa = PBXBuildFile; fileRef = 8C045CD720AD2CAC00EA7B50 /* AppDelegate.swift */; };
		8C045CDA20AD2CAC00EA7B50 /* ViewController.swift in Sources */ = {isa = PBXBuildFile; fileRef = 8C045CD920AD2CAC00EA7B50 /* ViewController.swift */; };
		8C045CDD20AD2CAC00EA7B50 /* Main.storyboard in Resources */ = {isa = PBXBuildFile; fileRef = 8C045CDB20AD2CAC00EA7B50 /* Main.storyboard */; };
		8C045CDF20AD2CBA00EA7B50 /* Assets.xcassets in Resources */ = {isa = PBXBuildFile; fileRef = 8C045CDE20AD2CBA00EA7B50 /* Assets.xcassets */; };
		8C045CE220AD2CBA00EA7B50 /* LaunchScreen.storyboard in Resources */ = {isa = PBXBuildFile; fileRef = 8C045CE020AD2CBA00EA7B50 /* LaunchScreen.storyboard */; };
		8C045CED20AD2CBA00EA7B50 /* swifchTests.swift in Sources */ = {isa = PBXBuildFile; fileRef = 8C045CEC20AD2CBA00EA7B50 /* swifchTests.swift */; };
		8C045CF820AD2CBA00EA7B50 /* swifchUITests.swift in Sources */ = {isa = PBXBuildFile; fileRef = 8C045CF720AD2CBA00EA7B50 /* swifchUITests.swift */; };
/* End PBXBuildFile section */

/* Begin PBXContainerItemProxy section */
		8C045CE920AD2CBA00EA7B50 /* PBXContainerItemProxy */ = {
			isa = PBXContainerItemProxy;
			containerPortal = 8C045CCC20AD2CAC00EA7B50 /* Project object */;
			proxyType = 1;
			remoteGlobalIDString = 8C045CD320AD2CAC00EA7B50;
			remoteInfo = swifch;
		};
		8C045CF420AD2CBA00EA7B50 /* PBXContainerItemProxy */ = {
			isa = PBXContainerItemProxy;
			containerPortal = 8C045CCC20AD2CAC00EA7B50 /* Project object */;
			proxyType = 1;
			remoteGlobalIDString = 8C045CD320AD2CAC00EA7B50;
			remoteInfo = swifch;
		};
/* End PBXContainerItemProxy section */

/* Begin PBXFileReference section */
		8C045CD420AD2CAC00EA7B50 /* swifch.app */ = {isa = PBXFileReference; explicitFileType = wrapper.application; includeInIndex = 0; path = swifch.app; sourceTree = BUILT_PRODUCTS_DIR; };
		8C045CD720AD2CAC00EA7B50 /* AppDelegate.swift */ = {isa = PBXFileReference; lastKnownFileType = sourcecode.swift; path = AppDelegate.swift; sourceTree = "<group>"; };
		8C045CD920AD2CAC00EA7B50 /* ViewController.swift */ = {isa = PBXFileReference; lastKnownFileType = sourcecode.swift; path = ViewController.swift; sourceTree = "<group>"; };
		8C045CDC20AD2CAC00EA7B50 /* Base */ = {isa = PBXFileReference; lastKnownFileType = file.storyboard; name = Base; path = Base.lproj/Main.storyboard; sourceTree = "<group>"; };
		8C045CDE20AD2CBA00EA7B50 /* Assets.xcassets */ = {isa = PBXFileReference; lastKnownFileType = folder.assetcatalog; path = Assets.xcassets; sourceTree = "<group>"; };
		8C045CE120AD2CBA00EA7B50 /* Base */ = {isa = PBXFileReference; lastKnownFileType = file.storyboard; name = Base; path = Base.lproj/LaunchScreen.storyboard; sourceTree = "<group>"; };
		8C045CE320AD2CBA00EA7B50 /* Info.plist */ = {isa = PBXFileReference; lastKnownFileType = text.plist.xml; path = Info.plist; sourceTree = "<group>"; };
		8C045CE820AD2CBA00EA7B50 /* swifchTests.xctest */ = {isa = PBXFileReference; explicitFileType = wrapper.cfbundle; includeInIndex = 0; path = swifchTests.xctest; sourceTree = BUILT_PRODUCTS_DIR; };
		8C045CEC20AD2CBA00EA7B50 /* swifchTests.swift */ = {isa = PBXFileReference; lastKnownFileType = sourcecode.swift; path = swifchTests.swift; sourceTree = "<group>"; };
		8C045CEE20AD2CBA00EA7B50 /* Info.plist */ = {isa = PBXFileReference; lastKnownFileType = text.plist.xml; path = Info.plist; sourceTree = "<group>"; };
		8C045CF320AD2CBA00EA7B50 /* swifchUITests.xctest */ = {isa = PBXFileReference; explicitFileType = wrapper.cfbundle; includeInIndex = 0; path = swifchUITests.xctest; sourceTree = BUILT_PRODUCTS_DIR; };
		8C045CF720AD2CBA00EA7B50 /* swifchUITests.swift */ = {isa = PBXFileReference; lastKnownFileType = sourcecode.swift; path = swifchUITests.swift; sourceTree = "<group>"; };
		8C045CF920AD2CBA00EA7B50 /* Info.plist */ = {isa = PBXFileReference; lastKnownFileType = text.plist.xml; path = Info.plist; sourceTree = "<group>"; };
/* End PBXFileReference section */

/* Begin PBXFrameworksBuildPhase section */
		8C045CD120AD2CAC00EA7B50 /* Frameworks */ = {
			isa = PBXFrameworksBuildPhase;
			buildActionMask = 2147483647;
			files = (
			);
			runOnlyForDeploymentPostprocessing = 0;
		};
		8C045CE520AD2CBA00EA7B50 /* Frameworks */ = {
			isa = PBXFrameworksBuildPhase;
			buildActionMask = 2147483647;
			files = (
			);
			runOnlyForDeploymentPostprocessing = 0;
		};
		8C045CF020AD2CBA00EA7B50 /* Frameworks */ = {
			isa = PBXFrameworksBuildPhase;
			buildActionMask = 2147483647;
			files = (
			);
			runOnlyForDeploymentPostprocessing = 0;
		};
/* End PBXFrameworksBuildPhase section */

/* Begin PBXGroup section */
		8C045CCB20AD2CAC00EA7B50 = {
			isa = PBXGroup;
			children = (
				8C045CD620AD2CAC00EA7B50 /* swifch */,
				8C045CEB20AD2CBA00EA7B50 /* swifchTests */,
				8C045CF620AD2CBA00EA7B50 /* swifchUITests */,
				8C045CD520AD2CAC00EA7B50 /* Products */,
			);
			sourceTree = "<group>";
		};
		8C045CD520AD2CAC00EA7B50 /* Products */ = {
			isa = PBXGroup;
			children = (
				8C045CD420AD2CAC00EA7B50 /* swifch.app */,
				8C045CE820AD2CBA00EA7B50 /* swifchTests.xctest */,
				8C045CF320AD2CBA00EA7B50 /* swifchUITests.xctest */,
			);
			name = Products;
			sourceTree = "<group>";
		};
		8C045CD620AD2CAC00EA7B50 /* swifch */ = {
			isa = PBXGroup;
			children = (
				8C045CD720AD2CAC00EA7B50 /* AppDelegate.swift */,
				8C045CD920AD2CAC00EA7B50 /* ViewController.swift */,
				8C045CDB20AD2CAC00EA7B50 /* Main.storyboard */,
				8C045CDE20AD2CBA00EA7B50 /* Assets.xcassets */,
				8C045CE020AD2CBA00EA7B50 /* LaunchScreen.storyboard */,
				8C045CE320AD2CBA00EA7B50 /* Info.plist */,
			);
			path = swifch;
			sourceTree = "<group>";
		};
		8C045CEB20AD2CBA00EA7B50 /* swifchTests */ = {
			isa = PBXGroup;
			children = (
				8C045CEC20AD2CBA00EA7B50 /* swifchTests.swift */,
				8C045CEE20AD2CBA00EA7B50 /* Info.plist */,
			);
			path = swifchTests;
			sourceTree = "<group>";
		};
		8C045CF620AD2CBA00EA7B50 /* swifchUITests */ = {
			isa = PBXGroup;
			children = (
				8C045CF720AD2CBA00EA7B50 /* swifchUITests.swift */,
				8C045CF920AD2CBA00EA7B50 /* Info.plist */,
			);
			path = swifchUITests;
			sourceTree = "<group>";
		};
/* End PBXGroup section */

/* Begin PBXNativeTarget section */
		8C045CD320AD2CAC00EA7B50 /* swifch */ = {
			isa = PBXNativeTarget;
			buildConfigurationList = 8C045CFC20AD2CBA00EA7B50 /* Build configuration list for PBXNativeTarget "swifch" */;
			buildPhases = (
				8C045CD020AD2CAC00EA7B50 /* Sources */,
				8C045CD120AD2CAC00EA7B50 /* Frameworks */,
				8C045CD220AD2CAC00EA7B50 /* Resources */,
			);
			buildRules = (
			);
			dependencies = (
			);
			name = swifch;
			productName = swifch;
			productReference = 8C045CD420AD2CAC00EA7B50 /* swifch.app */;
			productType = "com.apple.product-type.application";
		};
		8C045CE720AD2CBA00EA7B50 /* swifchTests */ = {
			isa = PBXNativeTarget;
			buildConfigurationList = 8C045CFF20AD2CBA00EA7B50 /* Build configuration list for PBXNativeTarget "swifchTests" */;
			buildPhases = (
				8C045CE420AD2CBA00EA7B50 /* Sources */,
				8C045CE520AD2CBA00EA7B50 /* Frameworks */,
				8C045CE620AD2CBA00EA7B50 /* Resources */,
			);
			buildRules = (
			);
			dependencies = (
				8C045CEA20AD2CBA00EA7B50 /* PBXTargetDependency */,
			);
			name = swifchTests;
			productName = swifchTests;
			productReference = 8C045CE820AD2CBA00EA7B50 /* swifchTests.xctest */;
			productType = "com.apple.product-type.bundle.unit-test";
		};
		8C045CF220AD2CBA00EA7B50 /* swifchUITests */ = {
			isa = PBXNativeTarget;
			buildConfigurationList = 8C045D0220AD2CBA00EA7B50 /* Build configuration list for PBXNativeTarget "swifchUITests" */;
			buildPhases = (
				8C045CEF20AD2CBA00EA7B50 /* Sources */,
				8C045CF020AD2CBA00EA7B50 /* Frameworks */,
				8C045CF120AD2CBA00EA7B50 /* Resources */,
			);
			buildRules = (
			);
			dependencies = (
				8C045CF520AD2CBA00EA7B50 /* PBXTargetDependency */,
			);
			name = swifchUITests;
			productName = swifchUITests;
			productReference = 8C045CF320AD2CBA00EA7B50 /* swifchUITests.xctest */;
			productType = "com.apple.product-type.bundle.ui-testing";
		};
/* End PBXNativeTarget section */

/* Begin PBXProject section */
		8C045CCC20AD2CAC00EA7B50 /* Project object */ = {
			isa = PBXProject;
			attributes = {
				LastSwiftUpdateCheck = 0930;
				LastUpgradeCheck = 0930;
				ORGANIZATIONNAME = "Jebwiz Oscar";
				TargetAttributes = {
					8C045CD320AD2CAC00EA7B50 = {
						CreatedOnToolsVersion = 9.3.1;
					};
					8C045CE720AD2CBA00EA7B50 = {
						CreatedOnToolsVersion = 9.3.1;
						TestTargetID = 8C045CD320AD2CAC00EA7B50;
					};
					8C045CF220AD2CBA00EA7B50 = {
						CreatedOnToolsVersion = 9.3.1;
						TestTargetID = 8C045CD320AD2CAC00EA7B50;
					};
				};
			};
			buildConfigurationList = 8C045CCF20AD2CAC00EA7B50 /* Build configuration list for PBXProject "swifch" */;
			compatibilityVersion = "Xcode 9.3";
			developmentRegion = en;
			hasScannedForEncodings = 0;
			knownRegions = (
				en,
				Base,
			);
			mainGroup = 8C045CCB20AD2CAC00EA7B50;
			productRefGroup = 8C045CD520AD2CAC00EA7B50 /* Products */;
			projectDirPath = "";
			projectRoot = "";
			targets = (
				8C045CD320AD2CAC00EA7B50 /* swifch */,
				8C045CE720AD2CBA00EA7B50 /* swifchTests */,
				8C045CF220AD2CBA00EA7B50 /* swifchUITests */,
			);
		};
/* End PBXProject section */

/* Begin PBXResourcesBuildPhase section */
		8C045CD220AD2CAC00EA7B50 /* Resources */ = {
			isa = PBXResourcesBuildPhase;
			buildActionMask = 2147483647;
			files = (
				8C045CE220AD2CBA00EA7B50 /* LaunchScreen.storyboard in Resources */,
				8C045CDF20AD2CBA00EA7B50 /* Assets.xcassets in Resources */,
				8C045CDD20AD2CAC00EA7B50 /* Main.storyboard in Resources */,
			);
			runOnlyForDeploymentPostprocessing = 0;
		};
		8C045CE620AD2CBA00EA7B50 /* Resources */ = {
			isa = PBXResourcesBuildPhase;
			buildActionMask = 2147483647;
			files = (
			);
			runOnlyForDeploymentPostprocessing = 0;
		};
		8C045CF120AD2CBA00EA7B50 /* Resources */ = {
			isa = PBXResourcesBuildPhase;
			buildActionMask = 2147483647;
			files = (
			);
			runOnlyForDeploymentPostprocessing = 0;
		};
/* End PBXResourcesBuildPhase section */

/* Begin PBXSourcesBuildPhase section */
		8C045CD020AD2CAC00EA7B50 /* Sources */ = {
			isa = PBXSourcesBuildPhase;
			buildActionMask = 2147483647;
			files = (
				8C045CDA20AD2CAC00EA7B50 /* ViewController.swift in Sources */,
				8C045CD820AD2CAC00EA7B50 /* AppDelegate.swift in Sources */,
			);
			runOnlyForDeploymentPostprocessing = 0;
		};
		8C045CE420AD2CBA00EA7B50 /* Sources */ = {
			isa = PBXSourcesBuildPhase;
			buildActionMask = 2147483647;
			files = (
				8C045CED20AD2CBA00EA7B50 /* swifchTests.swift in Sources */,
			);
			runOnlyForDeploymentPostprocessing = 0;
		};
		8C045CEF20AD2CBA00EA7B50 /* Sources */ = {
			isa = PBXSourcesBuildPhase;
			buildActionMask = 2147483647;
			files = (
				8C045CF820AD2CBA00EA7B50 /* swifchUITests.swift in Sources */,
			);
			runOnlyForDeploymentPostprocessing = 0;
		};
/* End PBXSourcesBuildPhase section */

/* Begin PBXTargetDependency section */
		8C045CEA20AD2CBA00EA7B50 /* PBXTargetDependency */ = {
			isa = PBXTargetDependency;
			target = 8C045CD320AD2CAC00EA7B50 /* swifch */;
			targetProxy = 8C045CE920AD2CBA00EA7B50 /* PBXContainerItemProxy */;
		};
		8C045CF520AD2CBA00EA7B50 /* PBXTargetDependency */ = {
			isa = PBXTargetDependency;
			target = 8C045CD320AD2CAC00EA7B50 /* swifch */;
			targetProxy = 8C045CF420AD2CBA00EA7B50 /* PBXContainerItemProxy */;
		};
/* End PBXTargetDependency section */

/* Begin PBXVariantGroup section */
		8C045CDB20AD2CAC00EA7B50 /* Main.storyboard */ = {
			isa = PBXVariantGroup;
			children = (
				8C045CDC20AD2CAC00EA7B50 /* Base */,
			);
			name = Main.storyboard;
			sourceTree = "<group>";
		};
		8C045CE020AD2CBA00EA7B50 /* LaunchScreen.storyboard */ = {
			isa = PBXVariantGroup;
			children = (
				8C045CE120AD2CBA00EA7B50 /* Base */,
			);
			name = LaunchScreen.storyboard;
			sourceTree = "<group>";
		};
/* End PBXVariantGroup section */

/* Begin XCBuildConfiguration section */
		8C045CFA20AD2CBA00EA7B50 /* Debug */ = {
			isa = XCBuildConfiguration;
			buildSettings = {
				ALWAYS_SEARCH_USER_PATHS = NO;
				CLANG_ANALYZER_NONNULL = YES;
				CLANG_ANALYZER_NUMBER_OBJECT_CONVERSION = YES_AGGRESSIVE;
				CLANG_CXX_LANGUAGE_STANDARD = "gnu++14";
				CLANG_CXX_LIBRARY = "libc++";
				CLANG_ENABLE_MODULES = YES;
				CLANG_ENABLE_OBJC_ARC = YES;
				CLANG_ENABLE_OBJC_WEAK = YES;
				CLANG_WARN_BLOCK_CAPTURE_AUTORELEASING = YES;
				CLANG_WARN_BOOL_CONVERSION = YES;
				CLANG_WARN_COMMA = YES;
				CLANG_WARN_CONSTANT_CONVERSION = YES;
				CLANG_WARN_DEPRECATED_OBJC_IMPLEMENTATIONS = YES;
				CLANG_WARN_DIRECT_OBJC_ISA_USAGE = YES_ERROR;
				CLANG_WARN_DOCUMENTATION_COMMENTS = YES;
				CLANG_WARN_EMPTY_BODY = YES;
				CLANG_WARN_ENUM_CONVERSION = YES;
				CLANG_WARN_INFINITE_RECURSION = YES;
				CLANG_WARN_INT_CONVERSION = YES;
				CLANG_WARN_NON_LITERAL_NULL_CONVERSION = YES;
				CLANG_WARN_OBJC_IMPLICIT_RETAIN_SELF = YES;
				CLANG_WARN_OBJC_LITERAL_CONVERSION = YES;
				CLANG_WARN_OBJC_ROOT_CLASS = YES_ERROR;
				CLANG_WARN_RANGE_LOOP_ANALYSIS = YES;
				CLANG_WARN_STRICT_PROTOTYPES = YES;
				CLANG_WARN_SUSPICIOUS_MOVE = YES;
				CLANG_WARN_UNGUARDED_AVAILABILITY = YES_AGGRESSIVE;
				CLANG_WARN_UNREACHABLE_CODE = YES;
				CLANG_WARN__DUPLICATE_METHOD_MATCH = YES;
				CODE_SIGN_IDENTITY = "iPhone Developer";
				COPY_PHASE_STRIP = NO;
				DEBUG_INFORMATION_FORMAT = dwarf;
				ENABLE_STRICT_OBJC_MSGSEND = YES;
				ENABLE_TESTABILITY = YES;
				GCC_C_LANGUAGE_STANDARD = gnu11;
				GCC_DYNAMIC_NO_PIC = NO;
				GCC_NO_COMMON_BLOCKS = YES;
				GCC_OPTIMIZATION_LEVEL = 0;
				GCC_PREPROCESSOR_DEFINITIONS = (
					"DEBUG=1",
					"$(inherited)",
				);
				GCC_WARN_64_TO_32_BIT_CONVERSION = YES;
				GCC_WARN_ABOUT_RETURN_TYPE = YES_ERROR;
				GCC_WARN_UNDECLARED_SELECTOR = YES;
				GCC_WARN_UNINITIALIZED_AUTOS = YES_AGGRESSIVE;
				GCC_WARN_UNUSED_FUNCTION = YES;
				GCC_WARN_UNUSED_VARIABLE = YES;
				IPHONEOS_DEPLOYMENT_TARGET = 11.3;
				MTL_ENABLE_DEBUG_INFO = YES;
				ONLY_ACTIVE_ARCH = YES;
				SDKROOT = iphoneos;
				SWIFT_ACTIVE_COMPILATION_CONDITIONS = DEBUG;
				SWIFT_OPTIMIZATION_LEVEL = "-Onone";
			};
			name = Debug;
		};
		8C045CFB20AD2CBA00EA7B50 /* Release */ = {
			isa = XCBuildConfiguration;
			buildSettings = {
				ALWAYS_SEARCH_USER_PATHS = NO;
				CLANG_ANALYZER_NONNULL = YES;
				CLANG_ANALYZER_NUMBER_OBJECT_CONVERSION = YES_AGGRESSIVE;
				CLANG_CXX_LANGUAGE_STANDARD = "gnu++14";
				CLANG_CXX_LIBRARY = "libc++";
				CLANG_ENABLE_MODULES = YES;
				CLANG_ENABLE_OBJC_ARC = YES;
				CLANG_ENABLE_OBJC_WEAK = YES;
				CLANG_WARN_BLOCK_CAPTURE_AUTORELEASING = YES;
				CLANG_WARN_BOOL_CONVERSION = YES;
				CLANG_WARN_COMMA = YES;
				CLANG_WARN_CONSTANT_CONVERSION = YES;
				CLANG_WARN_DEPRECATED_OBJC_IMPLEMENTATIONS = YES;
				CLANG_WARN_DIRECT_OBJC_ISA_USAGE = YES_ERROR;
				CLANG_WARN_DOCUMENTATION_COMMENTS = YES;
				CLANG_WARN_EMPTY_BODY = YES;
				CLANG_WARN_ENUM_CONVERSION = YES;
				CLANG_WARN_INFINITE_RECURSION = YES;
				CLANG_WARN_INT_CONVERSION = YES;
				CLANG_WARN_NON_LITERAL_NULL_CONVERSION = YES;
				CLANG_WARN_OBJC_IMPLICIT_RETAIN_SELF = YES;
				CLANG_WARN_OBJC_LITERAL_CONVERSION = YES;
				CLANG_WARN_OBJC_ROOT_CLASS = YES_ERROR;
				CLANG_WARN_RANGE_LOOP_ANALYSIS = YES;
				CLANG_WARN_STRICT_PROTOTYPES = YES;
				CLANG_WARN_SUSPICIOUS_MOVE = YES;
				CLANG_WARN_UNGUARDED_AVAILABILITY = YES_AGGRESSIVE;
				CLANG_WARN_UNREACHABLE_CODE = YES;
				CLANG_WARN__DUPLICATE_METHOD_MATCH = YES;
				CODE_SIGN_IDENTITY = "iPhone Developer";
				COPY_PHASE_STRIP = NO;
				DEBUG_INFORMATION_FORMAT = "dwarf-with-dsym";
				ENABLE_NS_ASSERTIONS = NO;
				ENABLE_STRICT_OBJC_MSGSEND = YES;
				GCC_C_LANGUAGE_STANDARD = gnu11;
				GCC_NO_COMMON_BLOCKS = YES;
				GCC_WARN_64_TO_32_BIT_CONVERSION = YES;
				GCC_WARN_ABOUT_RETURN_TYPE = YES_ERROR;
				GCC_WARN_UNDECLARED_SELECTOR = YES;
				GCC_WARN_UNINITIALIZED_AUTOS = YES_AGGRESSIVE;
				GCC_WARN_UNUSED_FUNCTION = YES;
				GCC_WARN_UNUSED_VARIABLE = YES;
				IPHONEOS_DEPLOYMENT_TARGET = 11.3;
				MTL_ENABLE_DEBUG_INFO = NO;
				SDKROOT = iphoneos;
				SWIFT_COMPILATION_MODE = wholemodule;
				SWIFT_OPTIMIZATION_LEVEL = "-O";
				VALIDATE_PRODUCT = YES;
			};
			name = Release;
		};
		8C045CFD20AD2CBA00EA7B50 /* Debug */ = {
			isa = XCBuildConfiguration;
			buildSettings = {
				ASSETCATALOG_COMPILER_APPICON_NAME = AppIcon;
				CODE_SIGN_STYLE = Automatic;
				DEVELOPMENT_TEAM = JZB7KNL6E7;
				INFOPLIST_FILE = swifch/Info.plist;
				LD_RUNPATH_SEARCH_PATHS = (
					"$(inherited)",
					"@executable_path/Frameworks",
				);
				PRODUCT_BUNDLE_IDENTIFIER = i0.md.swifch;
				PRODUCT_NAME = "$(TARGET_NAME)";
				SWIFT_VERSION = 4.0;
				TARGETED_DEVICE_FAMILY = "1,2";
			};
			name = Debug;
		};
		8C045CFE20AD2CBA00EA7B50 /* Release */ = {
			isa = XCBuildConfiguration;
			buildSettings = {
				ASSETCATALOG_COMPILER_APPICON_NAME = AppIcon;
				CODE_SIGN_STYLE = Automatic;
				DEVELOPMENT_TEAM = JZB7KNL6E7;
				INFOPLIST_FILE = swifch/Info.plist;
				LD_RUNPATH_SEARCH_PATHS = (
					"$(inherited)",
					"@executable_path/Frameworks",
				);
				PRODUCT_BUNDLE_IDENTIFIER = i0.md.swifch;
				PRODUCT_NAME = "$(TARGET_NAME)";
				SWIFT_VERSION = 4.0;
				TARGETED_DEVICE_FAMILY = "1,2";
			};
			name = Release;
		};
		8C045D0020AD2CBA00EA7B50 /* Debug */ = {
			isa = XCBuildConfiguration;
			buildSettings = {
				ALWAYS_EMBED_SWIFT_STANDARD_LIBRARIES = YES;
				BUNDLE_LOADER = "$(TEST_HOST)";
				CODE_SIGN_STYLE = Automatic;
				DEVELOPMENT_TEAM = JZB7KNL6E7;
				INFOPLIST_FILE = swifchTests/Info.plist;
				LD_RUNPATH_SEARCH_PATHS = (
					"$(inherited)",
					"@executable_path/Frameworks",
					"@loader_path/Frameworks",
				);
				PRODUCT_BUNDLE_IDENTIFIER = i0.md.swifchTests;
				PRODUCT_NAME = "$(TARGET_NAME)";
				SWIFT_VERSION = 4.0;
				TARGETED_DEVICE_FAMILY = "1,2";
				TEST_HOST = "$(BUILT_PRODUCTS_DIR)/swifch.app/swifch";
			};
			name = Debug;
		};
		8C045D0120AD2CBA00EA7B50 /* Release */ = {
			isa = XCBuildConfiguration;
			buildSettings = {
				ALWAYS_EMBED_SWIFT_STANDARD_LIBRARIES = YES;
				BUNDLE_LOADER = "$(TEST_HOST)";
				CODE_SIGN_STYLE = Automatic;
				DEVELOPMENT_TEAM = JZB7KNL6E7;
				INFOPLIST_FILE = swifchTests/Info.plist;
				LD_RUNPATH_SEARCH_PATHS = (
					"$(inherited)",
					"@executable_path/Frameworks",
					"@loader_path/Frameworks",
				);
				PRODUCT_BUNDLE_IDENTIFIER = i0.md.swifchTests;
				PRODUCT_NAME = "$(TARGET_NAME)";
				SWIFT_VERSION = 4.0;
				TARGETED_DEVICE_FAMILY = "1,2";
				TEST_HOST = "$(BUILT_PRODUCTS_DIR)/swifch.app/swifch";
			};
			name = Release;
		};
		8C045D0320AD2CBA00EA7B50 /* Debug */ = {
			isa = XCBuildConfiguration;
			buildSettings = {
				ALWAYS_EMBED_SWIFT_STANDARD_LIBRARIES = YES;
				CODE_SIGN_STYLE = Automatic;
				DEVELOPMENT_TEAM = JZB7KNL6E7;
				INFOPLIST_FILE = swifchUITests/Info.plist;
				LD_RUNPATH_SEARCH_PATHS = (
					"$(inherited)",
					"@executable_path/Frameworks",
					"@loader_path/Frameworks",
				);
				PRODUCT_BUNDLE_IDENTIFIER = i0.md.swifchUITests;
				PRODUCT_NAME = "$(TARGET_NAME)";
				SWIFT_VERSION = 4.0;
				TARGETED_DEVICE_FAMILY = "1,2";
				TEST_TARGET_NAME = swifch;
			};
			name = Debug;
		};
		8C045D0420AD2CBA00EA7B50 /* Release */ = {
			isa = XCBuildConfiguration;
			buildSettings = {
				ALWAYS_EMBED_SWIFT_STANDARD_LIBRARIES = YES;
				CODE_SIGN_STYLE = Automatic;
				DEVELOPMENT_TEAM = JZB7KNL6E7;
				INFOPLIST_FILE = swifchUITests/Info.plist;
				LD_RUNPATH_SEARCH_PATHS = (
					"$(inherited)",
					"@executable_path/Frameworks",
					"@loader_path/Frameworks",
				);
				PRODUCT_BUNDLE_IDENTIFIER = i0.md.swifchUITests;
				PRODUCT_NAME = "$(TARGET_NAME)";
				SWIFT_VERSION = 4.0;
				TARGETED_DEVICE_FAMILY = "1,2";
				TEST_TARGET_NAME = swifch;
			};
			name = Release;
		};
/* End XCBuildConfiguration section */

/* Begin XCConfigurationList section */
		8C045CCF20AD2CAC00EA7B50 /* Build configuration list for PBXProject "swifch" */ = {
			isa = XCConfigurationList;
			buildConfigurations = (
				8C045CFA20AD2CBA00EA7B50 /* Debug */,
				8C045CFB20AD2CBA00EA7B50 /* Release */,
			);
			defaultConfigurationIsVisible = 0;
			defaultConfigurationName = Release;
		};
		8C045CFC20AD2CBA00EA7B50 /* Build configuration list for PBXNativeTarget "swifch" */ = {
			isa = XCConfigurationList;
			buildConfigurations = (
				8C045CFD20AD2CBA00EA7B50 /* Debug */,
				8C045CFE20AD2CBA00EA7B50 /* Release */,
			);
			defaultConfigurationIsVisible = 0;
			defaultConfigurationName = Release;
		};
		8C045CFF20AD2CBA00EA7B50 /* Build configuration list for PBXNativeTarget "swifchTests" */ = {
			isa = XCConfigurationList;
			buildConfigurations = (
				8C045D0020AD2CBA00EA7B50 /* Debug */,
				8C045D0120AD2CBA00EA7B50 /* Release */,
			);
			defaultConfigurationIsVisible = 0;
			defaultConfigurationName = Release;
		};
		8C045D0220AD2CBA00EA7B50 /* Build configuration list for PBXNativeTarget "swifchUITests" */ = {
			isa = XCConfigurationList;
			buildConfigurations = (
				8C045D0320AD2CBA00EA7B50 /* Debug */,
				8C045D0420AD2CBA00EA7B50 /* Release */,
			);
			defaultConfigurationIsVisible = 0;
			defaultConfigurationName = Release;
		};
/* End XCConfigurationList section */
	};
	rootObject = 8C045CCC20AD2CAC00EA7B50 /* Project object */;
}
